Microsoft Visual Studio Solution File, Format Version 12.00
# Visual Studio Version 17
VisualStudioVersion = 17.5.2.0
MinimumVisualStudioVersion = 10.0.40219.1
Project("{FAE04EC0-301F-11D3-BF4B-00C04F79EFBC}") = "ExampleProject", "ExampleProject\ExampleProject.csproj", "{42FCB918-F2E1-ADBE-66F9-C54009BDD454}"
EndProject
Global
	GlobalSection(SolutionConfigurationPlatforms) = preSolution
		Debug|Any CPU = Debug|Any CPU
		Release|Any CPU = Release|Any CPU
	EndGlobalSection
	GlobalSection(ProjectConfigurationPlatforms) = postSolution
		{42FCB918-F2E1-ADBE-66F9-C54009BDD454}.Debug|Any CPU.ActiveCfg = Debug|Any CPU
		{42FCB918-F2E1-ADBE-66F9-C54009BDD454}.Debug|Any CPU.Build.0 = Debug|Any CPU
		{42FCB918-F2E1-ADBE-66F9-C54009BDD454}.Release|Any CPU.ActiveCfg = Release|Any CPU
		{42FCB918-F2E1-ADBE-66F9-C54009BDD454}.Release|Any CPU.Build.0 = Release|Any CPU
	EndGlobalSection
	GlobalSection(SolutionProperties) = preSolution
		HideSolutionNode = FALSE
	EndGlobalSection
	GlobalSection(ExtensibilityGlobals) = postSolution
		SolutionGuid = {D88899DF-2BB1-4A55-90EE-87966E186153}
	EndGlobalSection
EndGlobal
